
Microsoft Visual Studio Solution File, Format Version 12.00
# Visual Studio Version 17
VisualStudioVersion = 17.12.35527.113 d17.12
MinimumVisualStudioVersion = 10.0.40219.1
Project("{FAE04EC0-301F-11D3-BF4B-00C04F79EFBC}") = "ExaminationSystem.UI", "ExaminationSystem.Question\ExaminationSystem.UI.csproj", "{61BA368D-D403-48E9-AA1B-4CA47A349ACB}"
EndProject
Project("{FAE04EC0-301F-11D3-BF4B-00C04F79EFBC}") = "ExaminationSystem.MidLayer", "ExaminationSystem.MidLayer\ExaminationSystem.MidLayer.csproj", "{A8D87CD6-0EEE-4F1D-BE84-28D28FFD2A6E}"
EndProject
Global
	GlobalSection(SolutionConfigurationPlatforms) = preSolution
		Debug|Any CPU = Debug|Any CPU
		Release|Any CPU = Release|Any CPU
	EndGlobalSection
	GlobalSection(ProjectConfigurationPlatforms) = postSolution
		{61BA368D-D403-48E9-AA1B-4CA47A349ACB}.Debug|Any CPU.ActiveCfg = Debug|Any CPU
		{61BA368D-D403-48E9-AA1B-4CA47A349ACB}.Debug|Any CPU.Build.0 = Debug|Any CPU
		{61BA368D-D403-48E9-AA1B-4CA47A349ACB}.Release|Any CPU.ActiveCfg = Release|Any CPU
		{61BA368D-D403-48E9-AA1B-4CA47A349ACB}.Release|Any CPU.Build.0 = Release|Any CPU
		{A8D87CD6-0EEE-4F1D-BE84-28D28FFD2A6E}.Debug|Any CPU.ActiveCfg = Debug|Any CPU
		{A8D87CD6-0EEE-4F1D-BE84-28D28FFD2A6E}.Debug|Any CPU.Build.0 = Debug|Any CPU
		{A8D87CD6-0EEE-4F1D-BE84-28D28FFD2A6E}.Release|Any CPU.ActiveCfg = Release|Any CPU
		{A8D87CD6-0EEE-4F1D-BE84-28D28FFD2A6E}.Release|Any CPU.Build.0 = Release|Any CPU
	EndGlobalSection
	GlobalSection(SolutionProperties) = preSolution
		HideSolutionNode = FALSE
	EndGlobalSection
EndGlobal
